
Microsoft Visual Studio Solution File, Format Version 12.00
# Visual Studio 15
VisualStudioVersion = 15.0.28307.136
MinimumVisualStudioVersion = 10.0.40219.1
Project("{FAE04EC0-301F-11D3-BF4B-00C04F79EFBC}") = "WebApplication", "WebApplication\WebApplication.csproj", "{1B2F9D61-41C4-43E5-9B80-6776E5868030}"
EndProject
Global
	GlobalSection(SolutionConfigurationPlatforms) = preSolution
		Debug|Any CPU = Debug|Any CPU
		Release|Any CPU = Release|Any CPU
	EndGlobalSection
	GlobalSection(ProjectConfigurationPlatforms) = postSolution
		{1B2F9D61-41C4-43E5-9B80-6776E5868030}.Debug|Any CPU.ActiveCfg = Debug|Any CPU
		{1B2F9D61-41C4-43E5-9B80-6776E5868030}.Debug|Any CPU.Build.0 = Debug|Any CPU
		{1B2F9D61-41C4-43E5-9B80-6776E5868030}.Release|Any CPU.ActiveCfg = Release|Any CPU
		{1B2F9D61-41C4-43E5-9B80-6776E5868030}.Release|Any CPU.Build.0 = Release|Any CPU
	EndGlobalSection
	GlobalSection(SolutionProperties) = preSolution
		HideSolutionNode = FALSE
	EndGlobalSection
	GlobalSection(ExtensibilityGlobals) = postSolution
		SolutionGuid = {A7207697-1458-46A3-800B-C14EACBA1C18}
	EndGlobalSection
EndGlobal
